// !$*UTF8*$!
{
	archiveVersion = 1;
	classes = {
	};
	objectVersion = 50;
	objects = {

/* Begin PBXBuildFile section */
		0C6846EE249E5828C54C0536 /* Pods_1RMCal.framework in Frameworks */ = {isa = PBXBuildFile; fileRef = 8F4F0F7C4D90F41E6AB1834A /* Pods_1RMCal.framework */; };
		8492EC1ECAB3620B4283CCDC /* Pods_1RMCalTests.framework in Frameworks */ = {isa = PBXBuildFile; fileRef = C36FD34F2110769F7EDD8ED1 /* Pods_1RMCalTests.framework */; };
		905157052B2EE76913B1FEE1 /* Pods_1RMCal_1RMCalUITests.framework in Frameworks */ = {isa = PBXBuildFile; fileRef = 9637796602407E5FA883D877 /* Pods_1RMCal_1RMCalUITests.framework */; };
		CD03A66025858A58000DA1EF /* HomeViewControlller.swift in Sources */ = {isa = PBXBuildFile; fileRef = CD03A65F25858A58000DA1EF /* HomeViewControlller.swift */; };
		CD03A6802585973D000DA1EF /* Exercises.storyboard in Resources */ = {isa = PBXBuildFile; fileRef = CD03A67F2585973D000DA1EF /* Exercises.storyboard */; };
		CD03A6872585979A000DA1EF /* ExercisesViewController.swift in Sources */ = {isa = PBXBuildFile; fileRef = CD03A6862585979A000DA1EF /* ExercisesViewController.swift */; };
		CD0447DC2576E33C002035BF /* Extensions.swift in Sources */ = {isa = PBXBuildFile; fileRef = CD0447DB2576E33C002035BF /* Extensions.swift */; };
		CD087E9B2574AA1100C53C9E /* AppDelegate.swift in Sources */ = {isa = PBXBuildFile; fileRef = CD087E9A2574AA1100C53C9E /* AppDelegate.swift */; };
		CD087E9D2574AA1100C53C9E /* SceneDelegate.swift in Sources */ = {isa = PBXBuildFile; fileRef = CD087E9C2574AA1100C53C9E /* SceneDelegate.swift */; };
		CD087E9F2574AA1100C53C9E /* ViewController.swift in Sources */ = {isa = PBXBuildFile; fileRef = CD087E9E2574AA1100C53C9E /* ViewController.swift */; };
		CD087EA22574AA1100C53C9E /* 1RMCalculator.storyboard in Resources */ = {isa = PBXBuildFile; fileRef = CD087EA02574AA1100C53C9E /* 1RMCalculator.storyboard */; };
		CD087EA52574AA1100C53C9E /* _RMCal.xcdatamodeld in Sources */ = {isa = PBXBuildFile; fileRef = CD087EA32574AA1100C53C9E /* _RMCal.xcdatamodeld */; };
		CD087EA72574AA1200C53C9E /* Assets.xcassets in Resources */ = {isa = PBXBuildFile; fileRef = CD087EA62574AA1200C53C9E /* Assets.xcassets */; };
		CD087EAA2574AA1200C53C9E /* LaunchScreen.storyboard in Resources */ = {isa = PBXBuildFile; fileRef = CD087EA82574AA1200C53C9E /* LaunchScreen.storyboard */; };
		CD087EB52574AA1200C53C9E /* _RMCalTests.swift in Sources */ = {isa = PBXBuildFile; fileRef = CD087EB42574AA1200C53C9E /* _RMCalTests.swift */; };
		CD087EC02574AA1200C53C9E /* _RMCalUITests.swift in Sources */ = {isa = PBXBuildFile; fileRef = CD087EBF2574AA1200C53C9E /* _RMCalUITests.swift */; };
		CD60F05D258B17B600B41BAD /* ExerciseTableViewCell.swift in Sources */ = {isa = PBXBuildFile; fileRef = CD60F05C258B17B600B41BAD /* ExerciseTableViewCell.swift */; };
		CDA3A6CF258C7CA7003FF776 /* ExerciseViewController.swift in Sources */ = {isa = PBXBuildFile; fileRef = CDA3A6CE258C7CA7003FF776 /* ExerciseViewController.swift */; };
		CDAB5B4A2577803800AD822A /* Settings.swift in Sources */ = {isa = PBXBuildFile; fileRef = CDAB5B492577803800AD822A /* Settings.swift */; };
		CDAB5B4D257780DA00AD822A /* Enums.swift in Sources */ = {isa = PBXBuildFile; fileRef = CDAB5B4C257780DA00AD822A /* Enums.swift */; };
		CDAB5B502577871A00AD822A /* Savable.swift in Sources */ = {isa = PBXBuildFile; fileRef = CDAB5B4F2577871A00AD822A /* Savable.swift */; };
		CDBC70AF258CAC8D00AC1DD8 /* Model.swift in Sources */ = {isa = PBXBuildFile; fileRef = CDBC70AE258CAC8D00AC1DD8 /* Model.swift */; };
		CDD4D8EF2579F66200305382 /* Main.storyboard in Resources */ = {isa = PBXBuildFile; fileRef = CDD4D8EE2579F66200305382 /* Main.storyboard */; };
		CDDF44DE2574B08D000D3649 /* CalViewController.swift in Sources */ = {isa = PBXBuildFile; fileRef = CDDF44DD2574B08D000D3649 /* CalViewController.swift */; };
/* End PBXBuildFile section */

/* Begin PBXContainerItemProxy section */
		CD087EB12574AA1200C53C9E /* PBXContainerItemProxy */ = {
			isa = PBXContainerItemProxy;
			containerPortal = CD087E8F2574AA1100C53C9E /* Project object */;
			proxyType = 1;
			remoteGlobalIDString = CD087E962574AA1100C53C9E;
			remoteInfo = 1RMCal;
		};
		CD087EBC2574AA1200C53C9E /* PBXContainerItemProxy */ = {
			isa = PBXContainerItemProxy;
			containerPortal = CD087E8F2574AA1100C53C9E /* Project object */;
			proxyType = 1;
			remoteGlobalIDString = CD087E962574AA1100C53C9E;
			remoteInfo = 1RMCal;
		};
/* End PBXContainerItemProxy section */

/* Begin PBXFileReference section */
		4176EECCEC264E1ECCF6ED26 /* Pods-1RMCal.release.xcconfig */ = {isa = PBXFileReference; includeInIndex = 1; lastKnownFileType = text.xcconfig; name = "Pods-1RMCal.release.xcconfig"; path = "Target Support Files/Pods-1RMCal/Pods-1RMCal.release.xcconfig"; sourceTree = "<group>"; };
		42BC18B7574416D863BFB941 /* Pods-1RMCalTests.debug.xcconfig */ = {isa = PBXFileReference; includeInIndex = 1; lastKnownFileType = text.xcconfig; name = "Pods-1RMCalTests.debug.xcconfig"; path = "Target Support Files/Pods-1RMCalTests/Pods-1RMCalTests.debug.xcconfig"; sourceTree = "<group>"; };
		5A95DC11D851D4F20617B236 /* Pods-1RMCalTests.release.xcconfig */ = {isa = PBXFileReference; includeInIndex = 1; lastKnownFileType = text.xcconfig; name = "Pods-1RMCalTests.release.xcconfig"; path = "Target Support Files/Pods-1RMCalTests/Pods-1RMCalTests.release.xcconfig"; sourceTree = "<group>"; };
		7ABDB8AD195F2AC23948D0C5 /* Pods-1RMCal-1RMCalUITests.release.xcconfig */ = {isa = PBXFileReference; includeInIndex = 1; lastKnownFileType = text.xcconfig; name = "Pods-1RMCal-1RMCalUITests.release.xcconfig"; path = "Target Support Files/Pods-1RMCal-1RMCalUITests/Pods-1RMCal-1RMCalUITests.release.xcconfig"; sourceTree = "<group>"; };
		8F4F0F7C4D90F41E6AB1834A /* Pods_1RMCal.framework */ = {isa = PBXFileReference; explicitFileType = wrapper.framework; includeInIndex = 0; path = Pods_1RMCal.framework; sourceTree = BUILT_PRODUCTS_DIR; };
		9637796602407E5FA883D877 /* Pods_1RMCal_1RMCalUITests.framework */ = {isa = PBXFileReference; explicitFileType = wrapper.framework; includeInIndex = 0; path = Pods_1RMCal_1RMCalUITests.framework; sourceTree = BUILT_PRODUCTS_DIR; };
		B84DBD1616F47E1A17CEFC52 /* Pods-1RMCal-1RMCalUITests.debug.xcconfig */ = {isa = PBXFileReference; includeInIndex = 1; lastKnownFileType = text.xcconfig; name = "Pods-1RMCal-1RMCalUITests.debug.xcconfig"; path = "Target Support Files/Pods-1RMCal-1RMCalUITests/Pods-1RMCal-1RMCalUITests.debug.xcconfig"; sourceTree = "<group>"; };
		C36FD34F2110769F7EDD8ED1 /* Pods_1RMCalTests.framework */ = {isa = PBXFileReference; explicitFileType = wrapper.framework; includeInIndex = 0; path = Pods_1RMCalTests.framework; sourceTree = BUILT_PRODUCTS_DIR; };
		CD03A65F25858A58000DA1EF /* HomeViewControlller.swift */ = {isa = PBXFileReference; lastKnownFileType = sourcecode.swift; path = HomeViewControlller.swift; sourceTree = "<group>"; };
		CD03A67F2585973D000DA1EF /* Exercises.storyboard */ = {isa = PBXFileReference; lastKnownFileType = file.storyboard; path = Exercises.storyboard; sourceTree = "<group>"; };
		CD03A6862585979A000DA1EF /* ExercisesViewController.swift */ = {isa = PBXFileReference; lastKnownFileType = sourcecode.swift; path = ExercisesViewController.swift; sourceTree = "<group>"; };
		CD0447DB2576E33C002035BF /* Extensions.swift */ = {isa = PBXFileReference; lastKnownFileType = sourcecode.swift; path = Extensions.swift; sourceTree = "<group>"; };
		CD087E972574AA1100C53C9E /* 1RMCal.app */ = {isa = PBXFileReference; explicitFileType = wrapper.application; includeInIndex = 0; path = 1RMCal.app; sourceTree = BUILT_PRODUCTS_DIR; };
		CD087E9A2574AA1100C53C9E /* AppDelegate.swift */ = {isa = PBXFileReference; lastKnownFileType = sourcecode.swift; path = AppDelegate.swift; sourceTree = "<group>"; };
		CD087E9C2574AA1100C53C9E /* SceneDelegate.swift */ = {isa = PBXFileReference; lastKnownFileType = sourcecode.swift; path = SceneDelegate.swift; sourceTree = "<group>"; };
		CD087E9E2574AA1100C53C9E /* ViewController.swift */ = {isa = PBXFileReference; lastKnownFileType = sourcecode.swift; path = ViewController.swift; sourceTree = "<group>"; };
		CD087EA12574AA1100C53C9E /* Base */ = {isa = PBXFileReference; lastKnownFileType = file.storyboard; name = Base; path = Base.lproj/1RMCalculator.storyboard; sourceTree = "<group>"; };
		CD087EA42574AA1100C53C9E /* _RMCal.xcdatamodel */ = {isa = PBXFileReference; lastKnownFileType = wrapper.xcdatamodel; path = _RMCal.xcdatamodel; sourceTree = "<group>"; };
		CD087EA62574AA1200C53C9E /* Assets.xcassets */ = {isa = PBXFileReference; lastKnownFileType = folder.assetcatalog; path = Assets.xcassets; sourceTree = "<group>"; };
		CD087EA92574AA1200C53C9E /* Base */ = {isa = PBXFileReference; lastKnownFileType = file.storyboard; name = Base; path = Base.lproj/LaunchScreen.storyboard; sourceTree = "<group>"; };
		CD087EAB2574AA1200C53C9E /* Info.plist */ = {isa = PBXFileReference; lastKnownFileType = text.plist.xml; path = Info.plist; sourceTree = "<group>"; };
		CD087EB02574AA1200C53C9E /* 1RMCalTests.xctest */ = {isa = PBXFileReference; explicitFileType = wrapper.cfbundle; includeInIndex = 0; path = 1RMCalTests.xctest; sourceTree = BUILT_PRODUCTS_DIR; };
		CD087EB42574AA1200C53C9E /* _RMCalTests.swift */ = {isa = PBXFileReference; lastKnownFileType = sourcecode.swift; path = _RMCalTests.swift; sourceTree = "<group>"; };
		CD087EB62574AA1200C53C9E /* Info.plist */ = {isa = PBXFileReference; lastKnownFileType = text.plist.xml; path = Info.plist; sourceTree = "<group>"; };
		CD087EBB2574AA1200C53C9E /* 1RMCalUITests.xctest */ = {isa = PBXFileReference; explicitFileType = wrapper.cfbundle; includeInIndex = 0; path = 1RMCalUITests.xctest; sourceTree = BUILT_PRODUCTS_DIR; };
		CD087EBF2574AA1200C53C9E /* _RMCalUITests.swift */ = {isa = PBXFileReference; lastKnownFileType = sourcecode.swift; path = _RMCalUITests.swift; sourceTree = "<group>"; };
		CD087EC12574AA1200C53C9E /* Info.plist */ = {isa = PBXFileReference; lastKnownFileType = text.plist.xml; path = Info.plist; sourceTree = "<group>"; };
		CD60F05C258B17B600B41BAD /* ExerciseTableViewCell.swift */ = {isa = PBXFileReference; lastKnownFileType = sourcecode.swift; path = ExerciseTableViewCell.swift; sourceTree = "<group>"; };
		CDA3A6CE258C7CA7003FF776 /* ExerciseViewController.swift */ = {isa = PBXFileReference; lastKnownFileType = sourcecode.swift; path = ExerciseViewController.swift; sourceTree = "<group>"; };
		CDAB5B492577803800AD822A /* Settings.swift */ = {isa = PBXFileReference; lastKnownFileType = sourcecode.swift; path = Settings.swift; sourceTree = "<group>"; };
		CDAB5B4C257780DA00AD822A /* Enums.swift */ = {isa = PBXFileReference; lastKnownFileType = sourcecode.swift; path = Enums.swift; sourceTree = "<group>"; };
		CDAB5B4F2577871A00AD822A /* Savable.swift */ = {isa = PBXFileReference; lastKnownFileType = sourcecode.swift; path = Savable.swift; sourceTree = "<group>"; };
		CDBC70AE258CAC8D00AC1DD8 /* Model.swift */ = {isa = PBXFileReference; lastKnownFileType = sourcecode.swift; path = Model.swift; sourceTree = "<group>"; };
		CDD4D8EE2579F66200305382 /* Main.storyboard */ = {isa = PBXFileReference; lastKnownFileType = file.storyboard; path = Main.storyboard; sourceTree = "<group>"; };
		CDDF44DD2574B08D000D3649 /* CalViewController.swift */ = {isa = PBXFileReference; lastKnownFileType = sourcecode.swift; path = CalViewController.swift; sourceTree = "<group>"; };
		D363315B2B0BABF706BED086 /* Pods-1RMCal.debug.xcconfig */ = {isa = PBXFileReference; includeInIndex = 1; lastKnownFileType = text.xcconfig; name = "Pods-1RMCal.debug.xcconfig"; path = "Target Support Files/Pods-1RMCal/Pods-1RMCal.debug.xcconfig"; sourceTree = "<group>"; };
/* End PBXFileReference section */

/* Begin PBXFrameworksBuildPhase section */
		CD087E942574AA1100C53C9E /* Frameworks */ = {
			isa = PBXFrameworksBuildPhase;
			buildActionMask = 2147483647;
			files = (
				0C6846EE249E5828C54C0536 /* Pods_1RMCal.framework in Frameworks */,
			);
			runOnlyForDeploymentPostprocessing = 0;
		};
		CD087EAD2574AA1200C53C9E /* Frameworks */ = {
			isa = PBXFrameworksBuildPhase;
			buildActionMask = 2147483647;
			files = (
				8492EC1ECAB3620B4283CCDC /* Pods_1RMCalTests.framework in Frameworks */,
			);
			runOnlyForDeploymentPostprocessing = 0;
		};
		CD087EB82574AA1200C53C9E /* Frameworks */ = {
			isa = PBXFrameworksBuildPhase;
			buildActionMask = 2147483647;
			files = (
				905157052B2EE76913B1FEE1 /* Pods_1RMCal_1RMCalUITests.framework in Frameworks */,
			);
			runOnlyForDeploymentPostprocessing = 0;
		};
/* End PBXFrameworksBuildPhase section */

/* Begin PBXGroup section */
		7D5235E0E91AD942C2E7C03A /* Frameworks */ = {
			isa = PBXGroup;
			children = (
				8F4F0F7C4D90F41E6AB1834A /* Pods_1RMCal.framework */,
				9637796602407E5FA883D877 /* Pods_1RMCal_1RMCalUITests.framework */,
				C36FD34F2110769F7EDD8ED1 /* Pods_1RMCalTests.framework */,
			);
			name = Frameworks;
			sourceTree = "<group>";
		};
		B3A25B50FB05F4E236EE3D01 /* Pods */ = {
			isa = PBXGroup;
			children = (
				D363315B2B0BABF706BED086 /* Pods-1RMCal.debug.xcconfig */,
				4176EECCEC264E1ECCF6ED26 /* Pods-1RMCal.release.xcconfig */,
				B84DBD1616F47E1A17CEFC52 /* Pods-1RMCal-1RMCalUITests.debug.xcconfig */,
				7ABDB8AD195F2AC23948D0C5 /* Pods-1RMCal-1RMCalUITests.release.xcconfig */,
				42BC18B7574416D863BFB941 /* Pods-1RMCalTests.debug.xcconfig */,
				5A95DC11D851D4F20617B236 /* Pods-1RMCalTests.release.xcconfig */,
			);
			path = Pods;
			sourceTree = "<group>";
		};
		CD03A6842585977C000DA1EF /* Calculator */ = {
			isa = PBXGroup;
			children = (
				CDDF44DD2574B08D000D3649 /* CalViewController.swift */,
			);
			path = Calculator;
			sourceTree = "<group>";
		};
		CD03A68525859786000DA1EF /* Exercises */ = {
			isa = PBXGroup;
			children = (
				CD03A6862585979A000DA1EF /* ExercisesViewController.swift */,
				CDA3A6CE258C7CA7003FF776 /* ExerciseViewController.swift */,
			);
			path = Exercises;
			sourceTree = "<group>";
		};
		CD087E8E2574AA1100C53C9E = {
			isa = PBXGroup;
			children = (
				CD087E992574AA1100C53C9E /* 1RMCal */,
				CD087EB32574AA1200C53C9E /* 1RMCalTests */,
				CD087EBE2574AA1200C53C9E /* 1RMCalUITests */,
				CD087E982574AA1100C53C9E /* Products */,
				B3A25B50FB05F4E236EE3D01 /* Pods */,
				7D5235E0E91AD942C2E7C03A /* Frameworks */,
			);
			sourceTree = "<group>";
		};
		CD087E982574AA1100C53C9E /* Products */ = {
			isa = PBXGroup;
			children = (
				CD087E972574AA1100C53C9E /* 1RMCal.app */,
				CD087EB02574AA1200C53C9E /* 1RMCalTests.xctest */,
				CD087EBB2574AA1200C53C9E /* 1RMCalUITests.xctest */,
			);
			name = Products;
			sourceTree = "<group>";
		};
		CD087E992574AA1100C53C9E /* 1RMCal */ = {
			isa = PBXGroup;
			children = (
				CDAB5B4B257780B000AD822A /* Custom */,
				CDDF44D72574ABA2000D3649 /* Model */,
				CDDF44D92574ABAE000D3649 /* View Model */,
				CDDF44D82574ABA8000D3649 /* View Controllers */,
				CDDF44D62574AB9D000D3649 /* View */,
				CD087E9A2574AA1100C53C9E /* AppDelegate.swift */,
				CD087E9C2574AA1100C53C9E /* SceneDelegate.swift */,
				CD087EA62574AA1200C53C9E /* Assets.xcassets */,
				CD087EAB2574AA1200C53C9E /* Info.plist */,
				CD087EA32574AA1100C53C9E /* _RMCal.xcdatamodeld */,
			);
			path = 1RMCal;
			sourceTree = "<group>";
		};
		CD087EB32574AA1200C53C9E /* 1RMCalTests */ = {
			isa = PBXGroup;
			children = (
				CD087EB42574AA1200C53C9E /* _RMCalTests.swift */,
				CD087EB62574AA1200C53C9E /* Info.plist */,
			);
			path = 1RMCalTests;
			sourceTree = "<group>";
		};
		CD087EBE2574AA1200C53C9E /* 1RMCalUITests */ = {
			isa = PBXGroup;
			children = (
				CD087EBF2574AA1200C53C9E /* _RMCalUITests.swift */,
				CD087EC12574AA1200C53C9E /* Info.plist */,
			);
			path = 1RMCalUITests;
			sourceTree = "<group>";
		};
		CDAB5B4B257780B000AD822A /* Custom */ = {
			isa = PBXGroup;
			children = (
				CDAB5B4E2577870C00AD822A /* Savable */,
				CD0447DB2576E33C002035BF /* Extensions.swift */,
				CDAB5B4C257780DA00AD822A /* Enums.swift */,
				CD60F05C258B17B600B41BAD /* ExerciseTableViewCell.swift */,
			);
			path = Custom;
			sourceTree = "<group>";
		};
		CDAB5B4E2577870C00AD822A /* Savable */ = {
			isa = PBXGroup;
			children = (
				CDAB5B4F2577871A00AD822A /* Savable.swift */,
			);
			path = Savable;
			sourceTree = "<group>";
		};
		CDDF44D62574AB9D000D3649 /* View */ = {
			isa = PBXGroup;
			children = (
				CD087EA02574AA1100C53C9E /* 1RMCalculator.storyboard */,
				CD087EA82574AA1200C53C9E /* LaunchScreen.storyboard */,
				CDD4D8EE2579F66200305382 /* Main.storyboard */,
				CD03A67F2585973D000DA1EF /* Exercises.storyboard */,
			);
			path = View;
			sourceTree = "<group>";
		};
		CDDF44D72574ABA2000D3649 /* Model */ = {
			isa = PBXGroup;
			children = (
				CDBC70AE258CAC8D00AC1DD8 /* Model.swift */,
				CDAB5B492577803800AD822A /* Settings.swift */,
			);
			path = Model;
			sourceTree = "<group>";
		};
		CDDF44D82574ABA8000D3649 /* View Controllers */ = {
			isa = PBXGroup;
			children = (
				CD03A68525859786000DA1EF /* Exercises */,
				CD03A6842585977C000DA1EF /* Calculator */,
				CD087E9E2574AA1100C53C9E /* ViewController.swift */,
				CD03A65F25858A58000DA1EF /* HomeViewControlller.swift */,
			);
			path = "View Controllers";
			sourceTree = "<group>";
		};
		CDDF44D92574ABAE000D3649 /* View Model */ = {
			isa = PBXGroup;
			children = (
			);
			path = "View Model";
			sourceTree = "<group>";
		};
/* End PBXGroup section */

/* Begin PBXNativeTarget section */
		CD087E962574AA1100C53C9E /* 1RMCal */ = {
			isa = PBXNativeTarget;
			buildConfigurationList = CD087EC42574AA1200C53C9E /* Build configuration list for PBXNativeTarget "1RMCal" */;
			buildPhases = (
				0FD4732DC52F1FD1F92D3ABA /* [CP] Check Pods Manifest.lock */,
				CD087E932574AA1100C53C9E /* Sources */,
				CD087E942574AA1100C53C9E /* Frameworks */,
				CD087E952574AA1100C53C9E /* Resources */,
			);
			buildRules = (
			);
			dependencies = (
			);
			name = 1RMCal;
			productName = 1RMCal;
			productReference = CD087E972574AA1100C53C9E /* 1RMCal.app */;
			productType = "com.apple.product-type.application";
		};
		CD087EAF2574AA1200C53C9E /* 1RMCalTests */ = {
			isa = PBXNativeTarget;
			buildConfigurationList = CD087EC72574AA1200C53C9E /* Build configuration list for PBXNativeTarget "1RMCalTests" */;
			buildPhases = (
				9A336939BDD8066D82AE0589 /* [CP] Check Pods Manifest.lock */,
				CD087EAC2574AA1200C53C9E /* Sources */,
				CD087EAD2574AA1200C53C9E /* Frameworks */,
				CD087EAE2574AA1200C53C9E /* Resources */,
			);
			buildRules = (
			);
			dependencies = (
				CD087EB22574AA1200C53C9E /* PBXTargetDependency */,
			);
			name = 1RMCalTests;
			productName = 1RMCalTests;
			productReference = CD087EB02574AA1200C53C9E /* 1RMCalTests.xctest */;
			productType = "com.apple.product-type.bundle.unit-test";
		};
		CD087EBA2574AA1200C53C9E /* 1RMCalUITests */ = {
			isa = PBXNativeTarget;
			buildConfigurationList = CD087ECA2574AA1200C53C9E /* Build configuration list for PBXNativeTarget "1RMCalUITests" */;
			buildPhases = (
				448586325FD2832869FDC11F /* [CP] Check Pods Manifest.lock */,
				CD087EB72574AA1200C53C9E /* Sources */,
				CD087EB82574AA1200C53C9E /* Frameworks */,
				CD087EB92574AA1200C53C9E /* Resources */,
			);
			buildRules = (
			);
			dependencies = (
				CD087EBD2574AA1200C53C9E /* PBXTargetDependency */,
			);
			name = 1RMCalUITests;
			productName = 1RMCalUITests;
			productReference = CD087EBB2574AA1200C53C9E /* 1RMCalUITests.xctest */;
			productType = "com.apple.product-type.bundle.ui-testing";
		};
/* End PBXNativeTarget section */

/* Begin PBXProject section */
		CD087E8F2574AA1100C53C9E /* Project object */ = {
			isa = PBXProject;
			attributes = {
				LastSwiftUpdateCheck = 1160;
				LastUpgradeCheck = 1230;
				ORGANIZATIONNAME = "Isaiah Cuzzupe";
				TargetAttributes = {
					CD087E962574AA1100C53C9E = {
						CreatedOnToolsVersion = 11.6;
					};
					CD087EAF2574AA1200C53C9E = {
						CreatedOnToolsVersion = 11.6;
						TestTargetID = CD087E962574AA1100C53C9E;
					};
					CD087EBA2574AA1200C53C9E = {
						CreatedOnToolsVersion = 11.6;
						TestTargetID = CD087E962574AA1100C53C9E;
					};
				};
			};
			buildConfigurationList = CD087E922574AA1100C53C9E /* Build configuration list for PBXProject "1RMCal" */;
			compatibilityVersion = "Xcode 9.3";
			developmentRegion = en;
			hasScannedForEncodings = 0;
			knownRegions = (
				en,
				Base,
			);
			mainGroup = CD087E8E2574AA1100C53C9E;
			productRefGroup = CD087E982574AA1100C53C9E /* Products */;
			projectDirPath = "";
			projectRoot = "";
			targets = (
				CD087E962574AA1100C53C9E /* 1RMCal */,
				CD087EAF2574AA1200C53C9E /* 1RMCalTests */,
				CD087EBA2574AA1200C53C9E /* 1RMCalUITests */,
			);
		};
/* End PBXProject section */

/* Begin PBXResourcesBuildPhase section */
		CD087E952574AA1100C53C9E /* Resources */ = {
			isa = PBXResourcesBuildPhase;
			buildActionMask = 2147483647;
			files = (
				CD087EAA2574AA1200C53C9E /* LaunchScreen.storyboard in Resources */,
				CDD4D8EF2579F66200305382 /* Main.storyboard in Resources */,
				CD087EA72574AA1200C53C9E /* Assets.xcassets in Resources */,
				CD087EA22574AA1100C53C9E /* 1RMCalculator.storyboard in Resources */,
				CD03A6802585973D000DA1EF /* Exercises.storyboard in Resources */,
			);
			runOnlyForDeploymentPostprocessing = 0;
		};
		CD087EAE2574AA1200C53C9E /* Resources */ = {
			isa = PBXResourcesBuildPhase;
			buildActionMask = 2147483647;
			files = (
			);
			runOnlyForDeploymentPostprocessing = 0;
		};
		CD087EB92574AA1200C53C9E /* Resources */ = {
			isa = PBXResourcesBuildPhase;
			buildActionMask = 2147483647;
			files = (
			);
			runOnlyForDeploymentPostprocessing = 0;
		};
/* End PBXResourcesBuildPhase section */

/* Begin PBXShellScriptBuildPhase section */
		0FD4732DC52F1FD1F92D3ABA /* [CP] Check Pods Manifest.lock */ = {
			isa = PBXShellScriptBuildPhase;
			buildActionMask = 2147483647;
			files = (
			);
			inputFileListPaths = (
			);
			inputPaths = (
				"${PODS_PODFILE_DIR_PATH}/Podfile.lock",
				"${PODS_ROOT}/Manifest.lock",
			);
			name = "[CP] Check Pods Manifest.lock";
			outputFileListPaths = (
			);
			outputPaths = (
				"$(DERIVED_FILE_DIR)/Pods-1RMCal-checkManifestLockResult.txt",
			);
			runOnlyForDeploymentPostprocessing = 0;
			shellPath = /bin/sh;
			shellScript = "diff \"${PODS_PODFILE_DIR_PATH}/Podfile.lock\" \"${PODS_ROOT}/Manifest.lock\" > /dev/null\nif [ $? != 0 ] ; then\n    # print error to STDERR\n    echo \"error: The sandbox is not in sync with the Podfile.lock. Run 'pod install' or update your CocoaPods installation.\" >&2\n    exit 1\nfi\n# This output is used by Xcode 'outputs' to avoid re-running this script phase.\necho \"SUCCESS\" > \"${SCRIPT_OUTPUT_FILE_0}\"\n";
			showEnvVarsInLog = 0;
		};
		448586325FD2832869FDC11F /* [CP] Check Pods Manifest.lock */ = {
			isa = PBXShellScriptBuildPhase;
			buildActionMask = 2147483647;
			files = (
			);
			inputFileListPaths = (
			);
			inputPaths = (
				"${PODS_PODFILE_DIR_PATH}/Podfile.lock",
				"${PODS_ROOT}/Manifest.lock",
			);
			name = "[CP] Check Pods Manifest.lock";
			outputFileListPaths = (
			);
			outputPaths = (
				"$(DERIVED_FILE_DIR)/Pods-1RMCal-1RMCalUITests-checkManifestLockResult.txt",
			);
			runOnlyForDeploymentPostprocessing = 0;
			shellPath = /bin/sh;
			shellScript = "diff \"${PODS_PODFILE_DIR_PATH}/Podfile.lock\" \"${PODS_ROOT}/Manifest.lock\" > /dev/null\nif [ $? != 0 ] ; then\n    # print error to STDERR\n    echo \"error: The sandbox is not in sync with the Podfile.lock. Run 'pod install' or update your CocoaPods installation.\" >&2\n    exit 1\nfi\n# This output is used by Xcode 'outputs' to avoid re-running this script phase.\necho \"SUCCESS\" > \"${SCRIPT_OUTPUT_FILE_0}\"\n";
			showEnvVarsInLog = 0;
		};
		9A336939BDD8066D82AE0589 /* [CP] Check Pods Manifest.lock */ = {
			isa = PBXShellScriptBuildPhase;
			buildActionMask = 2147483647;
			files = (
			);
			inputFileListPaths = (
			);
			inputPaths = (
				"${PODS_PODFILE_DIR_PATH}/Podfile.lock",
				"${PODS_ROOT}/Manifest.lock",
			);
			name = "[CP] Check Pods Manifest.lock";
			outputFileListPaths = (
			);
			outputPaths = (
				"$(DERIVED_FILE_DIR)/Pods-1RMCalTests-checkManifestLockResult.txt",
			);
			runOnlyForDeploymentPostprocessing = 0;
			shellPath = /bin/sh;
			shellScript = "diff \"${PODS_PODFILE_DIR_PATH}/Podfile.lock\" \"${PODS_ROOT}/Manifest.lock\" > /dev/null\nif [ $? != 0 ] ; then\n    # print error to STDERR\n    echo \"error: The sandbox is not in sync with the Podfile.lock. Run 'pod install' or update your CocoaPods installation.\" >&2\n    exit 1\nfi\n# This output is used by Xcode 'outputs' to avoid re-running this script phase.\necho \"SUCCESS\" > \"${SCRIPT_OUTPUT_FILE_0}\"\n";
			showEnvVarsInLog = 0;
		};
/* End PBXShellScriptBuildPhase section */

/* Begin PBXSourcesBuildPhase section */
		CD087E932574AA1100C53C9E /* Sources */ = {
			isa = PBXSourcesBuildPhase;
			buildActionMask = 2147483647;
			files = (
				CDA3A6CF258C7CA7003FF776 /* ExerciseViewController.swift in Sources */,
				CD087E9F2574AA1100C53C9E /* ViewController.swift in Sources */,
				CD0447DC2576E33C002035BF /* Extensions.swift in Sources */,
				CD03A66025858A58000DA1EF /* HomeViewControlller.swift in Sources */,
				CDDF44DE2574B08D000D3649 /* CalViewController.swift in Sources */,
				CDBC70AF258CAC8D00AC1DD8 /* Model.swift in Sources */,
				CD087EA52574AA1100C53C9E /* _RMCal.xcdatamodeld in Sources */,
				CDAB5B502577871A00AD822A /* Savable.swift in Sources */,
				CD03A6872585979A000DA1EF /* ExercisesViewController.swift in Sources */,
				CDAB5B4A2577803800AD822A /* Settings.swift in Sources */,
				CD087E9B2574AA1100C53C9E /* AppDelegate.swift in Sources */,
				CD60F05D258B17B600B41BAD /* ExerciseTableViewCell.swift in Sources */,
				CDAB5B4D257780DA00AD822A /* Enums.swift in Sources */,
				CD087E9D2574AA1100C53C9E /* SceneDelegate.swift in Sources */,
			);
			runOnlyForDeploymentPostprocessing = 0;
		};
		CD087EAC2574AA1200C53C9E /* Sources */ = {
			isa = PBXSourcesBuildPhase;
			buildActionMask = 2147483647;
			files = (
				CD087EB52574AA1200C53C9E /* _RMCalTests.swift in Sources */,
			);
			runOnlyForDeploymentPostprocessing = 0;
		};
		CD087EB72574AA1200C53C9E /* Sources */ = {
			isa = PBXSourcesBuildPhase;
			buildActionMask = 2147483647;
			files = (
				CD087EC02574AA1200C53C9E /* _RMCalUITests.swift in Sources */,
			);
			runOnlyForDeploymentPostprocessing = 0;
		};
/* End PBXSourcesBuildPhase section */

/* Begin PBXTargetDependency section */
		CD087EB22574AA1200C53C9E /* PBXTargetDependency */ = {
			isa = PBXTargetDependency;
			target = CD087E962574AA1100C53C9E /* 1RMCal */;
			targetProxy = CD087EB12574AA1200C53C9E /* PBXContainerItemProxy */;
		};
		CD087EBD2574AA1200C53C9E /* PBXTargetDependency */ = {
			isa = PBXTargetDependency;
			target = CD087E962574AA1100C53C9E /* 1RMCal */;
			targetProxy = CD087EBC2574AA1200C53C9E /* PBXContainerItemProxy */;
		};
/* End PBXTargetDependency section */

/* Begin PBXVariantGroup section */
		CD087EA02574AA1100C53C9E /* 1RMCalculator.storyboard */ = {
			isa = PBXVariantGroup;
			children = (
				CD087EA12574AA1100C53C9E /* Base */,
			);
			name = 1RMCalculator.storyboard;
			sourceTree = "<group>";
		};
		CD087EA82574AA1200C53C9E /* LaunchScreen.storyboard */ = {
			isa = PBXVariantGroup;
			children = (
				CD087EA92574AA1200C53C9E /* Base */,
			);
			name = LaunchScreen.storyboard;
			sourceTree = "<group>";
		};
/* End PBXVariantGroup section */

/* Begin XCBuildConfiguration section */
		CD087EC22574AA1200C53C9E /* Debug */ = {
			isa = XCBuildConfiguration;
			buildSettings = {
				ALWAYS_SEARCH_USER_PATHS = NO;
				CLANG_ANALYZER_NONNULL = YES;
				CLANG_ANALYZER_NUMBER_OBJECT_CONVERSION = YES_AGGRESSIVE;
				CLANG_CXX_LANGUAGE_STANDARD = "gnu++14";
				CLANG_CXX_LIBRARY = "libc++";
				CLANG_ENABLE_MODULES = YES;
				CLANG_ENABLE_OBJC_ARC = YES;
				CLANG_ENABLE_OBJC_WEAK = YES;
				CLANG_WARN_BLOCK_CAPTURE_AUTORELEASING = YES;
				CLANG_WARN_BOOL_CONVERSION = YES;
				CLANG_WARN_COMMA = YES;
				CLANG_WARN_CONSTANT_CONVERSION = YES;
				CLANG_WARN_DEPRECATED_OBJC_IMPLEMENTATIONS = YES;
				CLANG_WARN_DIRECT_OBJC_ISA_USAGE = YES_ERROR;
				CLANG_WARN_DOCUMENTATION_COMMENTS = YES;
				CLANG_WARN_EMPTY_BODY = YES;
				CLANG_WARN_ENUM_CONVERSION = YES;
				CLANG_WARN_INFINITE_RECURSION = YES;
				CLANG_WARN_INT_CONVERSION = YES;
				CLANG_WARN_NON_LITERAL_NULL_CONVERSION = YES;
				CLANG_WARN_OBJC_IMPLICIT_RETAIN_SELF = YES;
				CLANG_WARN_OBJC_LITERAL_CONVERSION = YES;
				CLANG_WARN_OBJC_ROOT_CLASS = YES_ERROR;
				CLANG_WARN_QUOTED_INCLUDE_IN_FRAMEWORK_HEADER = YES;
				CLANG_WARN_RANGE_LOOP_ANALYSIS = YES;
				CLANG_WARN_STRICT_PROTOTYPES = YES;
				CLANG_WARN_SUSPICIOUS_MOVE = YES;
				CLANG_WARN_UNGUARDED_AVAILABILITY = YES_AGGRESSIVE;
				CLANG_WARN_UNREACHABLE_CODE = YES;
				CLANG_WARN__DUPLICATE_METHOD_MATCH = YES;
				COPY_PHASE_STRIP = NO;
				DEBUG_INFORMATION_FORMAT = dwarf;
				ENABLE_STRICT_OBJC_MSGSEND = YES;
				ENABLE_TESTABILITY = YES;
				GCC_C_LANGUAGE_STANDARD = gnu11;
				GCC_DYNAMIC_NO_PIC = NO;
				GCC_NO_COMMON_BLOCKS = YES;
				GCC_OPTIMIZATION_LEVEL = 0;
				GCC_PREPROCESSOR_DEFINITIONS = (
					"DEBUG=1",
					"$(inherited)",
				);
				GCC_WARN_64_TO_32_BIT_CONVERSION = YES;
				GCC_WARN_ABOUT_RETURN_TYPE = YES_ERROR;
				GCC_WARN_UNDECLARED_SELECTOR = YES;
				GCC_WARN_UNINITIALIZED_AUTOS = YES_AGGRESSIVE;
				GCC_WARN_UNUSED_FUNCTION = YES;
				GCC_WARN_UNUSED_VARIABLE = YES;
				IPHONEOS_DEPLOYMENT_TARGET = 14.2;
				MTL_ENABLE_DEBUG_INFO = INCLUDE_SOURCE;
				MTL_FAST_MATH = YES;
				ONLY_ACTIVE_ARCH = YES;
				SDKROOT = iphoneos;
				SWIFT_ACTIVE_COMPILATION_CONDITIONS = DEBUG;
				SWIFT_OPTIMIZATION_LEVEL = "-Onone";
			};
			name = Debug;
		};
		CD087EC32574AA1200C53C9E /* Release */ = {
			isa = XCBuildConfiguration;
			buildSettings = {
				ALWAYS_SEARCH_USER_PATHS = NO;
				CLANG_ANALYZER_NONNULL = YES;
				CLANG_ANALYZER_NUMBER_OBJECT_CONVERSION = YES_AGGRESSIVE;
				CLANG_CXX_LANGUAGE_STANDARD = "gnu++14";
				CLANG_CXX_LIBRARY = "libc++";
				CLANG_ENABLE_MODULES = YES;
				CLANG_ENABLE_OBJC_ARC = YES;
				CLANG_ENABLE_OBJC_WEAK = YES;
				CLANG_WARN_BLOCK_CAPTURE_AUTORELEASING = YES;
				CLANG_WARN_BOOL_CONVERSION = YES;
				CLANG_WARN_COMMA = YES;
				CLANG_WARN_CONSTANT_CONVERSION = YES;
				CLANG_WARN_DEPRECATED_OBJC_IMPLEMENTATIONS = YES;
				CLANG_WARN_DIRECT_OBJC_ISA_USAGE = YES_ERROR;
				CLANG_WARN_DOCUMENTATION_COMMENTS = YES;
				CLANG_WARN_EMPTY_BODY = YES;
				CLANG_WARN_ENUM_CONVERSION = YES;
				CLANG_WARN_INFINITE_RECURSION = YES;
				CLANG_WARN_INT_CONVERSION = YES;
				CLANG_WARN_NON_LITERAL_NULL_CONVERSION = YES;
				CLANG_WARN_OBJC_IMPLICIT_RETAIN_SELF = YES;
				CLANG_WARN_OBJC_LITERAL_CONVERSION = YES;
				CLANG_WARN_OBJC_ROOT_CLASS = YES_ERROR;
				CLANG_WARN_QUOTED_INCLUDE_IN_FRAMEWORK_HEADER = YES;
				CLANG_WARN_RANGE_LOOP_ANALYSIS = YES;
				CLANG_WARN_STRICT_PROTOTYPES = YES;
				CLANG_WARN_SUSPICIOUS_MOVE = YES;
				CLANG_WARN_UNGUARDED_AVAILABILITY = YES_AGGRESSIVE;
				CLANG_WARN_UNREACHABLE_CODE = YES;
				CLANG_WARN__DUPLICATE_METHOD_MATCH = YES;
				COPY_PHASE_STRIP = NO;
				DEBUG_INFORMATION_FORMAT = "dwarf-with-dsym";
				ENABLE_NS_ASSERTIONS = NO;
				ENABLE_STRICT_OBJC_MSGSEND = YES;
				GCC_C_LANGUAGE_STANDARD = gnu11;
				GCC_NO_COMMON_BLOCKS = YES;
				GCC_WARN_64_TO_32_BIT_CONVERSION = YES;
				GCC_WARN_ABOUT_RETURN_TYPE = YES_ERROR;
				GCC_WARN_UNDECLARED_SELECTOR = YES;
				GCC_WARN_UNINITIALIZED_AUTOS = YES_AGGRESSIVE;
				GCC_WARN_UNUSED_FUNCTION = YES;
				GCC_WARN_UNUSED_VARIABLE = YES;
				IPHONEOS_DEPLOYMENT_TARGET = 14.2;
				MTL_ENABLE_DEBUG_INFO = NO;
				MTL_FAST_MATH = YES;
				SDKROOT = iphoneos;
				SWIFT_COMPILATION_MODE = wholemodule;
				SWIFT_OPTIMIZATION_LEVEL = "-O";
				VALIDATE_PRODUCT = YES;
			};
			name = Release;
		};
		CD087EC52574AA1200C53C9E /* Debug */ = {
			isa = XCBuildConfiguration;
			baseConfigurationReference = D363315B2B0BABF706BED086 /* Pods-1RMCal.debug.xcconfig */;
			buildSettings = {
				ASSETCATALOG_COMPILER_APPICON_NAME = AppIcon;
				CODE_SIGN_STYLE = Automatic;
				DEVELOPMENT_TEAM = A4QWQVUD35;
				INFOPLIST_FILE = 1RMCal/Info.plist;
				LD_RUNPATH_SEARCH_PATHS = (
					"$(inherited)",
					"@executable_path/Frameworks",
				);
				PRODUCT_BUNDLE_IDENTIFIER = "Isaiah.-RMCal";
				PRODUCT_NAME = "$(TARGET_NAME)";
				SWIFT_VERSION = 5.0;
				TARGETED_DEVICE_FAMILY = "1,2";
			};
			name = Debug;
		};
		CD087EC62574AA1200C53C9E /* Release */ = {
			isa = XCBuildConfiguration;
			baseConfigurationReference = 4176EECCEC264E1ECCF6ED26 /* Pods-1RMCal.release.xcconfig */;
			buildSettings = {
				ASSETCATALOG_COMPILER_APPICON_NAME = AppIcon;
				CODE_SIGN_STYLE = Automatic;
				DEVELOPMENT_TEAM = A4QWQVUD35;
				INFOPLIST_FILE = 1RMCal/Info.plist;
				LD_RUNPATH_SEARCH_PATHS = (
					"$(inherited)",
					"@executable_path/Frameworks",
				);
				PRODUCT_BUNDLE_IDENTIFIER = "Isaiah.-RMCal";
				PRODUCT_NAME = "$(TARGET_NAME)";
				SWIFT_VERSION = 5.0;
				TARGETED_DEVICE_FAMILY = "1,2";
			};
			name = Release;
		};
		CD087EC82574AA1200C53C9E /* Debug */ = {
			isa = XCBuildConfiguration;
			baseConfigurationReference = 42BC18B7574416D863BFB941 /* Pods-1RMCalTests.debug.xcconfig */;
			buildSettings = {
				ALWAYS_EMBED_SWIFT_STANDARD_LIBRARIES = YES;
				BUNDLE_LOADER = "$(TEST_HOST)";
				CODE_SIGN_STYLE = Automatic;
				INFOPLIST_FILE = 1RMCalTests/Info.plist;
				IPHONEOS_DEPLOYMENT_TARGET = 13.6;
				LD_RUNPATH_SEARCH_PATHS = (
					"$(inherited)",
					"@executable_path/Frameworks",
					"@loader_path/Frameworks",
				);
				PRODUCT_BUNDLE_IDENTIFIER = "Isaiah.-RMCalTests";
				PRODUCT_NAME = "$(TARGET_NAME)";
				SWIFT_VERSION = 5.0;
				TARGETED_DEVICE_FAMILY = "1,2";
				TEST_HOST = "$(BUILT_PRODUCTS_DIR)/1RMCal.app/1RMCal";
			};
			name = Debug;
		};
		CD087EC92574AA1200C53C9E /* Release */ = {
			isa = XCBuildConfiguration;
			baseConfigurationReference = 5A95DC11D851D4F20617B236 /* Pods-1RMCalTests.release.xcconfig */;
			buildSettings = {
				ALWAYS_EMBED_SWIFT_STANDARD_LIBRARIES = YES;
				BUNDLE_LOADER = "$(TEST_HOST)";
				CODE_SIGN_STYLE = Automatic;
				INFOPLIST_FILE = 1RMCalTests/Info.plist;
				IPHONEOS_DEPLOYMENT_TARGET = 13.6;
				LD_RUNPATH_SEARCH_PATHS = (
					"$(inherited)",
					"@executable_path/Frameworks",
					"@loader_path/Frameworks",
				);
				PRODUCT_BUNDLE_IDENTIFIER = "Isaiah.-RMCalTests";
				PRODUCT_NAME = "$(TARGET_NAME)";
				SWIFT_VERSION = 5.0;
				TARGETED_DEVICE_FAMILY = "1,2";
				TEST_HOST = "$(BUILT_PRODUCTS_DIR)/1RMCal.app/1RMCal";
			};
			name = Release;
		};
		CD087ECB2574AA1200C53C9E /* Debug */ = {
			isa = XCBuildConfiguration;
			baseConfigurationReference = B84DBD1616F47E1A17CEFC52 /* Pods-1RMCal-1RMCalUITests.debug.xcconfig */;
			buildSettings = {
				ALWAYS_EMBED_SWIFT_STANDARD_LIBRARIES = YES;
				CODE_SIGN_STYLE = Automatic;
				INFOPLIST_FILE = 1RMCalUITests/Info.plist;
				LD_RUNPATH_SEARCH_PATHS = (
					"$(inherited)",
					"@executable_path/Frameworks",
					"@loader_path/Frameworks",
				);
				PRODUCT_BUNDLE_IDENTIFIER = "Isaiah.-RMCalUITests";
				PRODUCT_NAME = "$(TARGET_NAME)";
				SWIFT_VERSION = 5.0;
				TARGETED_DEVICE_FAMILY = "1,2";
				TEST_TARGET_NAME = 1RMCal;
			};
			name = Debug;
		};
		CD087ECC2574AA1200C53C9E /* Release */ = {
			isa = XCBuildConfiguration;
			baseConfigurationReference = 7ABDB8AD195F2AC23948D0C5 /* Pods-1RMCal-1RMCalUITests.release.xcconfig */;
			buildSettings = {
				ALWAYS_EMBED_SWIFT_STANDARD_LIBRARIES = YES;
				CODE_SIGN_STYLE = Automatic;
				INFOPLIST_FILE = 1RMCalUITests/Info.plist;
				LD_RUNPATH_SEARCH_PATHS = (
					"$(inherited)",
					"@executable_path/Frameworks",
					"@loader_path/Frameworks",
				);
				PRODUCT_BUNDLE_IDENTIFIER = "Isaiah.-RMCalUITests";
				PRODUCT_NAME = "$(TARGET_NAME)";
				SWIFT_VERSION = 5.0;
				TARGETED_DEVICE_FAMILY = "1,2";
				TEST_TARGET_NAME = 1RMCal;
			};
			name = Release;
		};
/* End XCBuildConfiguration section */

/* Begin XCConfigurationList section */
		CD087E922574AA1100C53C9E /* Build configuration list for PBXProject "1RMCal" */ = {
			isa = XCConfigurationList;
			buildConfigurations = (
				CD087EC22574AA1200C53C9E /* Debug */,
				CD087EC32574AA1200C53C9E /* Release */,
			);
			defaultConfigurationIsVisible = 0;
			defaultConfigurationName = Release;
		};
		CD087EC42574AA1200C53C9E /* Build configuration list for PBXNativeTarget "1RMCal" */ = {
			isa = XCConfigurationList;
			buildConfigurations = (
				CD087EC52574AA1200C53C9E /* Debug */,
				CD087EC62574AA1200C53C9E /* Release */,
			);
			defaultConfigurationIsVisible = 0;
			defaultConfigurationName = Release;
		};
		CD087EC72574AA1200C53C9E /* Build configuration list for PBXNativeTarget "1RMCalTests" */ = {
			isa = XCConfigurationList;
			buildConfigurations = (
				CD087EC82574AA1200C53C9E /* Debug */,
				CD087EC92574AA1200C53C9E /* Release */,
			);
			defaultConfigurationIsVisible = 0;
			defaultConfigurationName = Release;
		};
		CD087ECA2574AA1200C53C9E /* Build configuration list for PBXNativeTarget "1RMCalUITests" */ = {
			isa = XCConfigurationList;
			buildConfigurations = (
				CD087ECB2574AA1200C53C9E /* Debug */,
				CD087ECC2574AA1200C53C9E /* Release */,
			);
			defaultConfigurationIsVisible = 0;
			defaultConfigurationName = Release;
		};
/* End XCConfigurationList section */

/* Begin XCVersionGroup section */
		CD087EA32574AA1100C53C9E /* _RMCal.xcdatamodeld */ = {
			isa = XCVersionGroup;
			children = (
				CD087EA42574AA1100C53C9E /* _RMCal.xcdatamodel */,
			);
			currentVersion = CD087EA42574AA1100C53C9E /* _RMCal.xcdatamodel */;
			path = _RMCal.xcdatamodeld;
			sourceTree = "<group>";
			versionGroupType = wrapper.xcdatamodel;
		};
/* End XCVersionGroup section */
	};
	rootObject = CD087E8F2574AA1100C53C9E /* Project object */;
}
